# Generated by buf. DO NOT EDIT.
version: v2
deps:
  - name: buf.build/bufbuild/protovalidate
    commit: 5a7b106cbb87462d9a8c9ffecdbd2e38
    digest: b5:0f2dc6c9453e9cc9e9f36807aaa5f94022e837d91fef4dcaeed79a35c0843cc64eba28ff077aab24da3b2cb12639ad256246f9f9a36c033b99d5754b19996b7e
  - name: buf.build/googleapis/googleapis
    commit: f52d4f76a8434cc5966798b1d3b4f110
    digest: b5:5e634ff0ee118aea188b3e9c13ad7d285a192ef6c591bc20ff5a3360438d6ca310cfe9d663b20d60e1daa21789add35b919eac84e8e94a4d576e83a50dd2d62c
  - name: buf.build/tbxark/options
    commit: e7482b79686642c9ba41312ad0c050fc
    digest: b5:1231f70757a8eb4c99955ef4b8feca4e18bcdcbd8ef3967065a1d06852b032c37ce992f4fa8105217a299a0637d7e35e2d0705b768fc5134ba1c332846f8d231
