buf.build/gen/go/bufbuild/protovalidate/protocolbuffers/go v1.36.6-20250625184727-c923a0c2a132.1 h1:6tCo3lsKNLqUjRPhyc8JuYWYUiQkulufxSDOfG1zgWQ=
buf.build/gen/go/bufbuild/protovalidate/protocolbuffers/go v1.36.6-20250625184727-c923a0c2a132.1/go.mod h1:avRlCjnFzl98VPaeCtJ24RrV/wwHFzB8sWXhj26+n/U=
github.com/TBXark/sphere/internal/protogo v0.0.0-20250626120942-d1480ba7e1f8 h1:uVANjCG2BQTQxJ4q/F7iyQMPkop0dx/voNMwu4VU6Ng=
github.com/TBXark/sphere/internal/protogo v0.0.0-20250626120942-d1480ba7e1f8/go.mod h1:YXf/rwvoNOzQqCA16qkulYxstGc+PSo8vGXnIZhqY9o=
github.com/TBXark/sphere/internal/protogo v0.0.0-20250716055340-37dd0404ec80 h1:k8poLCebvA13gXx5mluCo09TloXfvqUmGReI+7nHJxY=
github.com/TBXark/sphere/internal/protogo v0.0.0-20250716055340-37dd0404ec80/go.mod h1:YXf/rwvoNOzQqCA16qkulYxstGc+PSo8vGXnIZhqY9o=
github.com/TBXark/sphere/internal/tags v0.0.0-20250626120942-d1480ba7e1f8 h1:R1iRgYVTyCasQmtmsRQHBdtiWoemLCCZGdd7nmajhQg=
github.com/TBXark/sphere/internal/tags v0.0.0-20250626120942-d1480ba7e1f8/go.mod h1:+Co4H83kvPLo5JB9kRqV6lXQ1BiqvLo+h97gOLagIYg=
github.com/TBXark/sphere/internal/tags v0.0.0-20250716055340-37dd0404ec80 h1:x1mHX+LTmZo7tARAFv76BL1tAi/EWS3Ams+S2nzC9jg=
github.com/TBXark/sphere/internal/tags v0.0.0-20250716055340-37dd0404ec80/go.mod h1:+Co4H83kvPLo5JB9kRqV6lXQ1BiqvLo+h97gOLagIYg=
github.com/TBXark/sphere/proto/binding v0.0.0-20250716055340-37dd0404ec80 h1:EhI/SVrDtz5wBIvQ+8M2iAw2484yI6SGOOYHnKO3mYw=
github.com/TBXark/sphere/proto/binding v0.0.0-20250716055340-37dd0404ec80/go.mod h1:lSSxi3/PZ8hNgnZmnJTx9tVeeaI5xGUF4L6w022Uhp4=
github.com/TBXark/sphere/proto/binding v0.0.0-20250716080133-54c473d9fcf7 h1:RIKzP+wTVN6ZlctI1eKGVtdb8mTV/qvZdlEDZ6Mu93E=
github.com/TBXark/sphere/proto/binding v0.0.0-20250716080133-54c473d9fcf7/go.mod h1:lSSxi3/PZ8hNgnZmnJTx9tVeeaI5xGUF4L6w022Uhp4=
github.com/google/go-cmp v0.5.5 h1:Khx7svrCpmxxtHBq5j2mp/xVjsi8hQMfNLvJFAlrGgU=
github.com/google/go-cmp v0.5.5/go.mod h1:v8dTdLbMG2kIc/vJvl+f65V22dbkXbowE6jgT/gNBxE=
golang.org/x/xerrors v0.0.0-20191204190536-9bdfabe68543 h1:E7g+9GITq07hpfrRu66IVDexMakfv52eLZ2CXBWiKr4=
golang.org/x/xerrors v0.0.0-20191204190536-9bdfabe68543/go.mod h1:I/5z698sn9Ka8TeJc9MKroUUfqBBauWjQqLJ2OPfmY0=
google.golang.org/genproto/googleapis/api v0.0.0-20250603155806-513f23925822 h1:oWVWY3NzT7KJppx2UKhKmzPq4SRe0LdCijVRwvGeikY=
google.golang.org/genproto/googleapis/api v0.0.0-20250603155806-513f23925822/go.mod h1:h3c4v36UTKzUiuaOKQ6gr3S+0hovBtUrXzTG/i3+XEc=
google.golang.org/genproto/googleapis/api v0.0.0-20250715232539-7130f93afb79 h1:iOye66xuaAK0WnkPuhQPUFy8eJcmwUXqGGP3om6IxX8=
google.golang.org/genproto/googleapis/api v0.0.0-20250715232539-7130f93afb79/go.mod h1:HKJDgKsFUnv5VAGeQjz8kxcgDP0HoE0iZNp0OdZNlhE=
google.golang.org/protobuf v1.36.6 h1:z1NpPI8ku2WgiWnf+t9wTPsn6eP1L7ksHUlkfLvd9xY=
google.golang.org/protobuf v1.36.6/go.mod h1:jduwjTPXsFjZGTmRluh+L6NjiWu7pchiJ2/5YcXBHnY=
