# Generated by buf. DO NOT EDIT.
version: v2
deps:
  - name: buf.build/bufbuild/protovalidate
    commit: 6c6e0d3c608e4549802254a2eee81bc8
    digest: b5:a7ca081f38656fc0f5aaa685cc111d3342876723851b47ca6b80cbb810cbb2380f8c444115c495ada58fa1f85eff44e68dc54a445761c195acdb5e8d9af675b6
  - name: buf.build/googleapis/googleapis
    commit: 61b203b9a9164be9a834f58c37be6f62
    digest: b5:7811a98b35bd2e4ae5c3ac73c8b3d9ae429f3a790da15de188dc98fc2b77d6bb10e45711f14903af9553fa9821dff256054f2e4b7795789265bc476bec2f088c
  - name: buf.build/tbxark/binding
    commit: 3d7f1b215dbb4a76a078ebb6541c4de2
    digest: b5:b7554239355d5bbb7c957ca030e184d100fea5be3dfbe9915941fc8b2af563f6f2936a72a742b3ea6af64a1f5e08c7b6c952de0349dfb2671aee3f0877ec9226
  - name: buf.build/tbxark/errors
    commit: c90b84868e5a423f92b556c0b6ceb7c5
    digest: b5:42077449908125a710809be746f0c2ece660674b88308adc365488d7697c3a0390c86e2fefdebd5062e3fe3b74d91ba198483fca61d8f4c9c26b4a46430ab103
  - name: buf.build/tbxark/options
    commit: 75fae506e69246c9a938de059bdb56c0
    digest: b5:8a83990ba8be4aea156c117c8509ebe10b00a26c4c449d6c08e283b602cc72192810754eb6c8e432996b9bd223e8649875e7be792018815974257d2bfa5e759b
